// !$*UTF8*$!
{
	archiveVersion = 1;
	classes = {
	};
	objectVersion = 46;
	objects = {

/* Begin PBXBuildFile section */
		0A3AB1E91B879CB400A65E42 /* main.m in Sources */ = {isa = PBXBuildFile; fileRef = 0A3AB1E81B879CB400A65E42 /* main.m */; };
		0A3AB1EC1B879CB400A65E42 /* AppDelegate.m in Sources */ = {isa = PBXBuildFile; fileRef = 0A3AB1EB1B879CB400A65E42 /* AppDelegate.m */; };
		0A3AB1EF1B879CB400A65E42 /* ViewController.m in Sources */ = {isa = PBXBuildFile; fileRef = 0A3AB1EE1B879CB400A65E42 /* ViewController.m */; };
		0A3AB1F41B879CB400A65E42 /* Images.xcassets in Resources */ = {isa = PBXBuildFile; fileRef = 0A3AB1F31B879CB400A65E42 /* Images.xcassets */; };
		0A3AB1F71B879CB400A65E42 /* LaunchScreen.xib in Resources */ = {isa = PBXBuildFile; fileRef = 0A3AB1F51B879CB400A65E42 /* LaunchScreen.xib */; };
		0A3AB2031B879CB400A65E42 /* CardsTests.m in Sources */ = {isa = PBXBuildFile; fileRef = 0A3AB2021B879CB400A65E42 /* CardsTests.m */; };
		0ABEA81E1B8B9BFA0050EF50 /* KCNCardFlowLayout.m in Sources */ = {isa = PBXBuildFile; fileRef = 0ABEA81D1B8B9BFA0050EF50 /* KCNCardFlowLayout.m */; };
		0ABEA8211B8B9C7D0050EF50 /* CustomCollectionViewCell.m in Sources */ = {isa = PBXBuildFile; fileRef = 0ABEA8201B8B9C7D0050EF50 /* CustomCollectionViewCell.m */; };
		0ABEA8241B8BB6E40050EF50 /* DetailViewController.m in Sources */ = {isa = PBXBuildFile; fileRef = 0ABEA8231B8BB6E40050EF50 /* DetailViewController.m */; };
		0ABEA8271B8BB8EF0050EF50 /* KCNLargeCardFlowLayout.m in Sources */ = {isa = PBXBuildFile; fileRef = 0ABEA8261B8BB8EF0050EF50 /* KCNLargeCardFlowLayout.m */; };
		4E37C40E226A4280B5BC7954 /* libPods-Cards.a in Frameworks */ = {isa = PBXBuildFile; fileRef = 7FE945E0092DB2040B463452 /* libPods-Cards.a */; };
/* End PBXBuildFile section */

/* Begin PBXContainerItemProxy section */
		0A3AB1FD1B879CB400A65E42 /* PBXContainerItemProxy */ = {
			isa = PBXContainerItemProxy;
			containerPortal = 0A3AB1DB1B879CB400A65E42 /* Project object */;
			proxyType = 1;
			remoteGlobalIDString = 0A3AB1E21B879CB400A65E42;
			remoteInfo = Cards;
		};
/* End PBXContainerItemProxy section */

/* Begin PBXFileReference section */
		0A3AB1E31B879CB400A65E42 /* Cards.app */ = {isa = PBXFileReference; explicitFileType = wrapper.application; includeInIndex = 0; path = Cards.app; sourceTree = BUILT_PRODUCTS_DIR; };
		0A3AB1E71B879CB400A65E42 /* Info.plist */ = {isa = PBXFileReference; lastKnownFileType = text.plist.xml; path = Info.plist; sourceTree = "<group>"; };
		0A3AB1E81B879CB400A65E42 /* main.m */ = {isa = PBXFileReference; lastKnownFileType = sourcecode.c.objc; path = main.m; sourceTree = "<group>"; };
		0A3AB1EA1B879CB400A65E42 /* AppDelegate.h */ = {isa = PBXFileReference; lastKnownFileType = sourcecode.c.h; path = AppDelegate.h; sourceTree = "<group>"; };
		0A3AB1EB1B879CB400A65E42 /* AppDelegate.m */ = {isa = PBXFileReference; lastKnownFileType = sourcecode.c.objc; path = AppDelegate.m; sourceTree = "<group>"; };
		0A3AB1ED1B879CB400A65E42 /* ViewController.h */ = {isa = PBXFileReference; lastKnownFileType = sourcecode.c.h; path = ViewController.h; sourceTree = "<group>"; };
		0A3AB1EE1B879CB400A65E42 /* ViewController.m */ = {isa = PBXFileReference; lastKnownFileType = sourcecode.c.objc; path = ViewController.m; sourceTree = "<group>"; };
		0A3AB1F31B879CB400A65E42 /* Images.xcassets */ = {isa = PBXFileReference; lastKnownFileType = folder.assetcatalog; path = Images.xcassets; sourceTree = "<group>"; };
		0A3AB1F61B879CB400A65E42 /* Base */ = {isa = PBXFileReference; lastKnownFileType = file.xib; name = Base; path = Base.lproj/LaunchScreen.xib; sourceTree = "<group>"; };
		0A3AB1FC1B879CB400A65E42 /* CardsTests.xctest */ = {isa = PBXFileReference; explicitFileType = wrapper.cfbundle; includeInIndex = 0; path = CardsTests.xctest; sourceTree = BUILT_PRODUCTS_DIR; };
		0A3AB2011B879CB400A65E42 /* Info.plist */ = {isa = PBXFileReference; lastKnownFileType = text.plist.xml; path = Info.plist; sourceTree = "<group>"; };
		0A3AB2021B879CB400A65E42 /* CardsTests.m */ = {isa = PBXFileReference; lastKnownFileType = sourcecode.c.objc; path = CardsTests.m; sourceTree = "<group>"; };
		0ABEA81C1B8B9BFA0050EF50 /* KCNCardFlowLayout.h */ = {isa = PBXFileReference; fileEncoding = 4; lastKnownFileType = sourcecode.c.h; path = KCNCardFlowLayout.h; sourceTree = "<group>"; };
		0ABEA81D1B8B9BFA0050EF50 /* KCNCardFlowLayout.m */ = {isa = PBXFileReference; fileEncoding = 4; lastKnownFileType = sourcecode.c.objc; path = KCNCardFlowLayout.m; sourceTree = "<group>"; };
		0ABEA81F1B8B9C7D0050EF50 /* CustomCollectionViewCell.h */ = {isa = PBXFileReference; fileEncoding = 4; lastKnownFileType = sourcecode.c.h; path = CustomCollectionViewCell.h; sourceTree = "<group>"; };
		0ABEA8201B8B9C7D0050EF50 /* CustomCollectionViewCell.m */ = {isa = PBXFileReference; fileEncoding = 4; lastKnownFileType = sourcecode.c.objc; path = CustomCollectionViewCell.m; sourceTree = "<group>"; };
		0ABEA8221B8BB6E40050EF50 /* DetailViewController.h */ = {isa = PBXFileReference; fileEncoding = 4; lastKnownFileType = sourcecode.c.h; path = DetailViewController.h; sourceTree = "<group>"; };
		0ABEA8231B8BB6E40050EF50 /* DetailViewController.m */ = {isa = PBXFileReference; fileEncoding = 4; lastKnownFileType = sourcecode.c.objc; path = DetailViewController.m; sourceTree = "<group>"; };
		0ABEA8251B8BB8EF0050EF50 /* KCNLargeCardFlowLayout.h */ = {isa = PBXFileReference; fileEncoding = 4; lastKnownFileType = sourcecode.c.h; path = KCNLargeCardFlowLayout.h; sourceTree = "<group>"; };
		0ABEA8261B8BB8EF0050EF50 /* KCNLargeCardFlowLayout.m */ = {isa = PBXFileReference; fileEncoding = 4; lastKnownFileType = sourcecode.c.objc; path = KCNLargeCardFlowLayout.m; sourceTree = "<group>"; };
		3434B778599A317DD93B6650 /* Pods-Cards.debug.xcconfig */ = {isa = PBXFileReference; includeInIndex = 1; lastKnownFileType = text.xcconfig; name = "Pods-Cards.debug.xcconfig"; path = "Pods/Target Support Files/Pods-Cards/Pods-Cards.debug.xcconfig"; sourceTree = "<group>"; };
		7FE945E0092DB2040B463452 /* libPods-Cards.a */ = {isa = PBXFileReference; explicitFileType = archive.ar; includeInIndex = 0; path = "libPods-Cards.a"; sourceTree = BUILT_PRODUCTS_DIR; };
		D62DE28844A06AA44350F829 /* Pods-Cards.release.xcconfig */ = {isa = PBXFileReference; includeInIndex = 1; lastKnownFileType = text.xcconfig; name = "Pods-Cards.release.xcconfig"; path = "Pods/Target Support Files/Pods-Cards/Pods-Cards.release.xcconfig"; sourceTree = "<group>"; };
/* End PBXFileReference section */

/* Begin PBXFrameworksBuildPhase section */
		0A3AB1E01B879CB400A65E42 /* Frameworks */ = {
			isa = PBXFrameworksBuildPhase;
			buildActionMask = 2147483647;
			files = (
				4E37C40E226A4280B5BC7954 /* libPods-Cards.a in Frameworks */,
			);
			runOnlyForDeploymentPostprocessing = 0;
		};
		0A3AB1F91B879CB400A65E42 /* Frameworks */ = {
			isa = PBXFrameworksBuildPhase;
			buildActionMask = 2147483647;
			files = (
			);
			runOnlyForDeploymentPostprocessing = 0;
		};
/* End PBXFrameworksBuildPhase section */

/* Begin PBXGroup section */
		0A3AB1DA1B879CB400A65E42 = {
			isa = PBXGroup;
			children = (
				0ABEA81B1B8B9BCC0050EF50 /* Classes */,
				0A3AB1E51B879CB400A65E42 /* Cards */,
				0A3AB1FF1B879CB400A65E42 /* CardsTests */,
				0A3AB1E41B879CB400A65E42 /* Products */,
				B4CD45F97067487004AE50FE /* Pods */,
				734BEC7F78CA541F80B280AF /* Frameworks */,
			);
			sourceTree = "<group>";
		};
		0A3AB1E41B879CB400A65E42 /* Products */ = {
			isa = PBXGroup;
			children = (
				0A3AB1E31B879CB400A65E42 /* Cards.app */,
				0A3AB1FC1B879CB400A65E42 /* CardsTests.xctest */,
			);
			name = Products;
			sourceTree = "<group>";
		};
		0A3AB1E51B879CB400A65E42 /* Cards */ = {
			isa = PBXGroup;
			children = (
				0A3AB1EA1B879CB400A65E42 /* AppDelegate.h */,
				0A3AB1EB1B879CB400A65E42 /* AppDelegate.m */,
				0A3AB1ED1B879CB400A65E42 /* ViewController.h */,
				0A3AB1EE1B879CB400A65E42 /* ViewController.m */,
				0ABEA8221B8BB6E40050EF50 /* DetailViewController.h */,
				0ABEA8231B8BB6E40050EF50 /* DetailViewController.m */,
				0ABEA81F1B8B9C7D0050EF50 /* CustomCollectionViewCell.h */,
				0ABEA8201B8B9C7D0050EF50 /* CustomCollectionViewCell.m */,
				0A3AB1F31B879CB400A65E42 /* Images.xcassets */,
				0A3AB1F51B879CB400A65E42 /* LaunchScreen.xib */,
				0A3AB1E61B879CB400A65E42 /* Supporting Files */,
			);
			path = Cards;
			sourceTree = "<group>";
		};
		0A3AB1E61B879CB400A65E42 /* Supporting Files */ = {
			isa = PBXGroup;
			children = (
				0A3AB1E71B879CB400A65E42 /* Info.plist */,
				0A3AB1E81B879CB400A65E42 /* main.m */,
			);
			name = "Supporting Files";
			sourceTree = "<group>";
		};
		0A3AB1FF1B879CB400A65E42 /* CardsTests */ = {
			isa = PBXGroup;
			children = (
				0A3AB2021B879CB400A65E42 /* CardsTests.m */,
				0A3AB2001B879CB400A65E42 /* Supporting Files */,
			);
			path = CardsTests;
			sourceTree = "<group>";
		};
		0A3AB2001B879CB400A65E42 /* Supporting Files */ = {
			isa = PBXGroup;
			children = (
				0A3AB2011B879CB400A65E42 /* Info.plist */,
			);
			name = "Supporting Files";
			sourceTree = "<group>";
		};
		0ABEA81B1B8B9BCC0050EF50 /* Classes */ = {
			isa = PBXGroup;
			children = (
				0ABEA81C1B8B9BFA0050EF50 /* KCNCardFlowLayout.h */,
				0ABEA81D1B8B9BFA0050EF50 /* KCNCardFlowLayout.m */,
				0ABEA8251B8BB8EF0050EF50 /* KCNLargeCardFlowLayout.h */,
				0ABEA8261B8BB8EF0050EF50 /* KCNLargeCardFlowLayout.m */,
			);
			name = Classes;
			sourceTree = "<group>";
		};
		734BEC7F78CA541F80B280AF /* Frameworks */ = {
			isa = PBXGroup;
			children = (
				7FE945E0092DB2040B463452 /* libPods-Cards.a */,
			);
			name = Frameworks;
			sourceTree = "<group>";
		};
		B4CD45F97067487004AE50FE /* Pods */ = {
			isa = PBXGroup;
			children = (
				3434B778599A317DD93B6650 /* Pods-Cards.debug.xcconfig */,
				D62DE28844A06AA44350F829 /* Pods-Cards.release.xcconfig */,
			);
			name = Pods;
			sourceTree = "<group>";
		};
/* End PBXGroup section */

/* Begin PBXNativeTarget section */
		0A3AB1E21B879CB400A65E42 /* Cards */ = {
			isa = PBXNativeTarget;
			buildConfigurationList = 0A3AB2061B879CB400A65E42 /* Build configuration list for PBXNativeTarget "Cards" */;
			buildPhases = (
				F139213B4F59FD811E4F26B3 /* Check Pods Manifest.lock */,
				0A3AB1DF1B879CB400A65E42 /* Sources */,
				0A3AB1E01B879CB400A65E42 /* Frameworks */,
				0A3AB1E11B879CB400A65E42 /* Resources */,
				7C9D5FE098BD34834A1D78B8 /* Copy Pods Resources */,
			);
			buildRules = (
			);
			dependencies = (
			);
			name = Cards;
			productName = Cards;
			productReference = 0A3AB1E31B879CB400A65E42 /* Cards.app */;
			productType = "com.apple.product-type.application";
		};
		0A3AB1FB1B879CB400A65E42 /* CardsTests */ = {
			isa = PBXNativeTarget;
			buildConfigurationList = 0A3AB2091B879CB400A65E42 /* Build configuration list for PBXNativeTarget "CardsTests" */;
			buildPhases = (
				0A3AB1F81B879CB400A65E42 /* Sources */,
				0A3AB1F91B879CB400A65E42 /* Frameworks */,
				0A3AB1FA1B879CB400A65E42 /* Resources */,
			);
			buildRules = (
			);
			dependencies = (
				0A3AB1FE1B879CB400A65E42 /* PBXTargetDependency */,
			);
			name = CardsTests;
			productName = CardsTests;
			productReference = 0A3AB1FC1B879CB400A65E42 /* CardsTests.xctest */;
			productType = "com.apple.product-type.bundle.unit-test";
		};
/* End PBXNativeTarget section */

/* Begin PBXProject section */
		0A3AB1DB1B879CB400A65E42 /* Project object */ = {
			isa = PBXProject;
			attributes = {
				LastUpgradeCheck = 0640;
				ORGANIZATIONNAME = kevinnguy;
				TargetAttributes = {
					0A3AB1E21B879CB400A65E42 = {
						CreatedOnToolsVersion = 6.4;
					};
					0A3AB1FB1B879CB400A65E42 = {
						CreatedOnToolsVersion = 6.4;
						TestTargetID = 0A3AB1E21B879CB400A65E42;
					};
				};
			};
			buildConfigurationList = 0A3AB1DE1B879CB400A65E42 /* Build configuration list for PBXProject "Cards" */;
			compatibilityVersion = "Xcode 3.2";
			developmentRegion = English;
			hasScannedForEncodings = 0;
			knownRegions = (
				en,
				Base,
			);
			mainGroup = 0A3AB1DA1B879CB400A65E42;
			productRefGroup = 0A3AB1E41B879CB400A65E42 /* Products */;
			projectDirPath = "";
			projectRoot = "";
			targets = (
				0A3AB1E21B879CB400A65E42 /* Cards */,
				0A3AB1FB1B879CB400A65E42 /* CardsTests */,
			);
		};
/* End PBXProject section */

/* Begin PBXResourcesBuildPhase section */
		0A3AB1E11B879CB400A65E42 /* Resources */ = {
			isa = PBXResourcesBuildPhase;
			buildActionMask = 2147483647;
			files = (
				0A3AB1F71B879CB400A65E42 /* LaunchScreen.xib in Resources */,
				0A3AB1F41B879CB400A65E42 /* Images.xcassets in Resources */,
			);
			runOnlyForDeploymentPostprocessing = 0;
		};
		0A3AB1FA1B879CB400A65E42 /* Resources */ = {
			isa = PBXResourcesBuildPhase;
			buildActionMask = 2147483647;
			files = (
			);
			runOnlyForDeploymentPostprocessing = 0;
		};
/* End PBXResourcesBuildPhase section */

/* Begin PBXShellScriptBuildPhase section */
		7C9D5FE098BD34834A1D78B8 /* Copy Pods Resources */ = {
			isa = PBXShellScriptBuildPhase;
			buildActionMask = 2147483647;
			files = (
			);
			inputPaths = (
			);
			name = "Copy Pods Resources";
			outputPaths = (
			);
			runOnlyForDeploymentPostprocessing = 0;
			shellPath = /bin/sh;
			shellScript = "\"${SRCROOT}/Pods/Target Support Files/Pods-Cards/Pods-Cards-resources.sh\"\n";
			showEnvVarsInLog = 0;
		};
		F139213B4F59FD811E4F26B3 /* Check Pods Manifest.lock */ = {
			isa = PBXShellScriptBuildPhase;
			buildActionMask = 2147483647;
			files = (
			);
			inputPaths = (
			);
			name = "Check Pods Manifest.lock";
			outputPaths = (
			);
			runOnlyForDeploymentPostprocessing = 0;
			shellPath = /bin/sh;
			shellScript = "diff \"${PODS_ROOT}/../Podfile.lock\" \"${PODS_ROOT}/Manifest.lock\" > /dev/null\nif [[ $? != 0 ]] ; then\n    cat << EOM\nerror: The sandbox is not in sync with the Podfile.lock. Run 'pod install' or update your CocoaPods installation.\nEOM\n    exit 1\nfi\n";
			showEnvVarsInLog = 0;
		};
/* End PBXShellScriptBuildPhase section */

/* Begin PBXSourcesBuildPhase section */
		0A3AB1DF1B879CB400A65E42 /* Sources */ = {
			isa = PBXSourcesBuildPhase;
			buildActionMask = 2147483647;
			files = (
				0A3AB1EF1B879CB400A65E42 /* ViewController.m in Sources */,
				0ABEA8271B8BB8EF0050EF50 /* KCNLargeCardFlowLayout.m in Sources */,
				0A3AB1EC1B879CB400A65E42 /* AppDelegate.m in Sources */,
				0ABEA81E1B8B9BFA0050EF50 /* KCNCardFlowLayout.m in Sources */,
				0A3AB1E91B879CB400A65E42 /* main.m in Sources */,
				0ABEA8211B8B9C7D0050EF50 /* CustomCollectionViewCell.m in Sources */,
				0ABEA8241B8BB6E40050EF50 /* DetailViewController.m in Sources */,
			);
			runOnlyForDeploymentPostprocessing = 0;
		};
		0A3AB1F81B879CB400A65E42 /* Sources */ = {
			isa = PBXSourcesBuildPhase;
			buildActionMask = 2147483647;
			files = (
				0A3AB2031B879CB400A65E42 /* CardsTests.m in Sources */,
			);
			runOnlyForDeploymentPostprocessing = 0;
		};
/* End PBXSourcesBuildPhase section */

/* Begin PBXTargetDependency section */
		0A3AB1FE1B879CB400A65E42 /* PBXTargetDependency */ = {
			isa = PBXTargetDependency;
			target = 0A3AB1E21B879CB400A65E42 /* Cards */;
			targetProxy = 0A3AB1FD1B879CB400A65E42 /* PBXContainerItemProxy */;
		};
/* End PBXTargetDependency section */

/* Begin PBXVariantGroup section */
		0A3AB1F51B879CB400A65E42 /* LaunchScreen.xib */ = {
			isa = PBXVariantGroup;
			children = (
				0A3AB1F61B879CB400A65E42 /* Base */,
			);
			name = LaunchScreen.xib;
			sourceTree = "<group>";
		};
/* End PBXVariantGroup section */

/* Begin XCBuildConfiguration section */
		0A3AB2041B879CB400A65E42 /* Debug */ = {
			isa = XCBuildConfiguration;
			buildSettings = {
				ALWAYS_SEARCH_USER_PATHS = NO;
				CLANG_CXX_LANGUAGE_STANDARD = "gnu++0x";
				CLANG_CXX_LIBRARY = "libc++";
				CLANG_ENABLE_MODULES = YES;
				CLANG_ENABLE_OBJC_ARC = YES;
				CLANG_WARN_BOOL_CONVERSION = YES;
				CLANG_WARN_CONSTANT_CONVERSION = YES;
				CLANG_WARN_DIRECT_OBJC_ISA_USAGE = YES_ERROR;
				CLANG_WARN_EMPTY_BODY = YES;
				CLANG_WARN_ENUM_CONVERSION = YES;
				CLANG_WARN_INT_CONVERSION = YES;
				CLANG_WARN_OBJC_ROOT_CLASS = YES_ERROR;
				CLANG_WARN_UNREACHABLE_CODE = YES;
				CLANG_WARN__DUPLICATE_METHOD_MATCH = YES;
				"CODE_SIGN_IDENTITY[sdk=iphoneos*]" = "iPhone Developer";
				COPY_PHASE_STRIP = NO;
				DEBUG_INFORMATION_FORMAT = "dwarf-with-dsym";
				ENABLE_STRICT_OBJC_MSGSEND = YES;
				GCC_C_LANGUAGE_STANDARD = gnu99;
				GCC_DYNAMIC_NO_PIC = NO;
				GCC_NO_COMMON_BLOCKS = YES;
				GCC_OPTIMIZATION_LEVEL = 0;
				GCC_PREPROCESSOR_DEFINITIONS = (
					"DEBUG=1",
					"$(inherited)",
				);
				GCC_SYMBOLS_PRIVATE_EXTERN = NO;
				GCC_WARN_64_TO_32_BIT_CONVERSION = YES;
				GCC_WARN_ABOUT_RETURN_TYPE = YES_ERROR;
				GCC_WARN_UNDECLARED_SELECTOR = YES;
				GCC_WARN_UNINITIALIZED_AUTOS = YES_AGGRESSIVE;
				GCC_WARN_UNUSED_FUNCTION = YES;
				GCC_WARN_UNUSED_VARIABLE = YES;
				IPHONEOS_DEPLOYMENT_TARGET = 8.4;
				MTL_ENABLE_DEBUG_INFO = YES;
				ONLY_ACTIVE_ARCH = YES;
				SDKROOT = iphoneos;
				TARGETED_DEVICE_FAMILY = "1,2";
			};
			name = Debug;
		};
		0A3AB2051B879CB400A65E42 /* Release */ = {
			isa = XCBuildConfiguration;
			buildSettings = {
				ALWAYS_SEARCH_USER_PATHS = NO;
				CLANG_CXX_LANGUAGE_STANDARD = "gnu++0x";
				CLANG_CXX_LIBRARY = "libc++";
				CLANG_ENABLE_MODULES = YES;
				CLANG_ENABLE_OBJC_ARC = YES;
				CLANG_WARN_BOOL_CONVERSION = YES;
				CLANG_WARN_CONSTANT_CONVERSION = YES;
				CLANG_WARN_DIRECT_OBJC_ISA_USAGE = YES_ERROR;
				CLANG_WARN_EMPTY_BODY = YES;
				CLANG_WARN_ENUM_CONVERSION = YES;
				CLANG_WARN_INT_CONVERSION = YES;
				CLANG_WARN_OBJC_ROOT_CLASS = YES_ERROR;
				CLANG_WARN_UNREACHABLE_CODE = YES;
				CLANG_WARN__DUPLICATE_METHOD_MATCH = YES;
				"CODE_SIGN_IDENTITY[sdk=iphoneos*]" = "iPhone Developer";
				COPY_PHASE_STRIP = NO;
				DEBUG_INFORMATION_FORMAT = "dwarf-with-dsym";
				ENABLE_NS_ASSERTIONS = NO;
				ENABLE_STRICT_OBJC_MSGSEND = YES;
				GCC_C_LANGUAGE_STANDARD = gnu99;
				GCC_NO_COMMON_BLOCKS = YES;
				GCC_WARN_64_TO_32_BIT_CONVERSION = YES;
				GCC_WARN_ABOUT_RETURN_TYPE = YES_ERROR;
				GCC_WARN_UNDECLARED_SELECTOR = YES;
				GCC_WARN_UNINITIALIZED_AUTOS = YES_AGGRESSIVE;
				GCC_WARN_UNUSED_FUNCTION = YES;
				GCC_WARN_UNUSED_VARIABLE = YES;
				IPHONEOS_DEPLOYMENT_TARGET = 8.4;
				MTL_ENABLE_DEBUG_INFO = NO;
				SDKROOT = iphoneos;
				TARGETED_DEVICE_FAMILY = "1,2";
				VALIDATE_PRODUCT = YES;
			};
			name = Release;
		};
		0A3AB2071B879CB400A65E42 /* Debug */ = {
			isa = XCBuildConfiguration;
			baseConfigurationReference = 3434B778599A317DD93B6650 /* Pods-Cards.debug.xcconfig */;
			buildSettings = {
				ASSETCATALOG_COMPILER_APPICON_NAME = AppIcon;
				INFOPLIST_FILE = Cards/Info.plist;
				LD_RUNPATH_SEARCH_PATHS = "$(inherited) @executable_path/Frameworks";
				PRODUCT_NAME = "$(TARGET_NAME)";
			};
			name = Debug;
		};
		0A3AB2081B879CB400A65E42 /* Release */ = {
			isa = XCBuildConfiguration;
			baseConfigurationReference = D62DE28844A06AA44350F829 /* Pods-Cards.release.xcconfig */;
			buildSettings = {
				ASSETCATALOG_COMPILER_APPICON_NAME = AppIcon;
				INFOPLIST_FILE = Cards/Info.plist;
				LD_RUNPATH_SEARCH_PATHS = "$(inherited) @executable_path/Frameworks";
				PRODUCT_NAME = "$(TARGET_NAME)";
			};
			name = Release;
		};
		0A3AB20A1B879CB400A65E42 /* Debug */ = {
			isa = XCBuildConfiguration;
			buildSettings = {
				BUNDLE_LOADER = "$(TEST_HOST)";
				FRAMEWORK_SEARCH_PATHS = (
					"$(SDKROOT)/Developer/Library/Frameworks",
					"$(inherited)",
				);
				GCC_PREPROCESSOR_DEFINITIONS = (
					"DEBUG=1",
					"$(inherited)",
				);
				INFOPLIST_FILE = CardsTests/Info.plist;
				LD_RUNPATH_SEARCH_PATHS = "$(inherited) @executable_path/Frameworks @loader_path/Frameworks";
				PRODUCT_NAME = "$(TARGET_NAME)";
				TEST_HOST = "$(BUILT_PRODUCTS_DIR)/Cards.app/Cards";
			};
			name = Debug;
		};
		0A3AB20B1B879CB400A65E42 /* Release */ = {
			isa = XCBuildConfiguration;
			buildSettings = {
				BUNDLE_LOADER = "$(TEST_HOST)";
				FRAMEWORK_SEARCH_PATHS = (
					"$(SDKROOT)/Developer/Library/Frameworks",
					"$(inherited)",
				);
				INFOPLIST_FILE = CardsTests/Info.plist;
				LD_RUNPATH_SEARCH_PATHS = "$(inherited) @executable_path/Frameworks @loader_path/Frameworks";
				PRODUCT_NAME = "$(TARGET_NAME)";
				TEST_HOST = "$(BUILT_PRODUCTS_DIR)/Cards.app/Cards";
			};
			name = Release;
		};
/* End XCBuildConfiguration section */

/* Begin XCConfigurationList section */
		0A3AB1DE1B879CB400A65E42 /* Build configuration list for PBXProject "Cards" */ = {
			isa = XCConfigurationList;
			buildConfigurations = (
				0A3AB2041B879CB400A65E42 /* Debug */,
				0A3AB2051B879CB400A65E42 /* Release */,
			);
			defaultConfigurationIsVisible = 0;
			defaultConfigurationName = Release;
		};
		0A3AB2061B879CB400A65E42 /* Build configuration list for PBXNativeTarget "Cards" */ = {
			isa = XCConfigurationList;
			buildConfigurations = (
				0A3AB2071B879CB400A65E42 /* Debug */,
				0A3AB2081B879CB400A65E42 /* Release */,
			);
			defaultConfigurationIsVisible = 0;
			defaultConfigurationName = Release;
		};
		0A3AB2091B879CB400A65E42 /* Build configuration list for PBXNativeTarget "CardsTests" */ = {
			isa = XCConfigurationList;
			buildConfigurations = (
				0A3AB20A1B879CB400A65E42 /* Debug */,
				0A3AB20B1B879CB400A65E42 /* Release */,
			);
			defaultConfigurationIsVisible = 0;
			defaultConfigurationName = Release;
		};
/* End XCConfigurationList section */
	};
	rootObject = 0A3AB1DB1B879CB400A65E42 /* Project object */;
}
